{
    "name": "iauu-library",
    "version": "1.0.0",
    "lockfileVersion": 1,
    "requires": true,
    "dependencies": {
        "@hapi/hoek": {
            "version": "9.1.1",
            "resolved": "https://registry.npmjs.org/@hapi/hoek/-/hoek-9.1.1.tgz",
            "integrity": "sha512-CAEbWH7OIur6jEOzaai83jq3FmKmv4PmX1JYfs9IrYcGEVI/lyL1EXJGCj7eFVJ0bg5QR8LMxBlEtA+xKiLpFw=="
        },
        "@hapi/topo": {
            "version": "5.0.0",
            "resolved": "https://registry.npmjs.org/@hapi/topo/-/topo-5.0.0.tgz",
            "integrity": "sha512-tFJlT47db0kMqVm3H4nQYgn6Pwg10GTZHb1pwmSiv1K4ks6drQOtfEF5ZnPjkvC+y4/bUPHK+bc87QvLcL+WMw==",
            "requires": {
                "@hapi/hoek": "^9.0.0"
            }
        },
        "@sideway/address": {
            "version": "4.1.1",
            "resolved": "https://registry.npmjs.org/@sideway/address/-/address-4.1.1.tgz",
            "integrity": "sha512-+I5aaQr3m0OAmMr7RQ3fR9zx55sejEYR2BFJaxL+zT3VM2611X0SHvPWIbAUBZVTn/YzYKbV8gJ2oT/QELknfQ==",
            "requires": {
                "@hapi/hoek": "^9.0.0"
            }
        },
        "@sideway/formula": {
            "version": "3.0.0",
            "resolved": "https://registry.npmjs.org/@sideway/formula/-/formula-3.0.0.tgz",
            "integrity": "sha512-vHe7wZ4NOXVfkoRb8T5otiENVlT7a3IAiw7H5M2+GO+9CDgcVUUsX1zalAztCmwyOr2RUTGJdgB+ZvSVqmdHmg=="
        },
        "@sideway/pinpoint": {
            "version": "2.0.0",
            "resolved": "https://registry.npmjs.org/@sideway/pinpoint/-/pinpoint-2.0.0.tgz",
            "integrity": "sha512-RNiOoTPkptFtSVzQevY/yWtZwf/RxyVnPy/OcA9HBM3MlGDnBEYL5B41H0MTn0Uec8Hi+2qUtTfG2WWZBmMejQ=="
        },
        "amqplib": {
            "version": "0.7.1",
            "resolved": "https://registry.npmjs.org/amqplib/-/amqplib-0.7.1.tgz",
            "integrity": "sha512-KePK3tTOLGU4emTo+PwSDMbc123jrxo13FpRpim1LzJoSlQrIBB2/kMeCC40jK/Zb0olHGaABjLqXDsdK46iLA==",
            "requires": {
                "bitsyntax": "~0.1.0",
                "bluebird": "^3.7.2",
                "buffer-more-ints": "~1.0.0",
                "readable-stream": "1.x >=1.1.9",
                "safe-buffer": "~5.2.1",
                "url-parse": "~1.5.1"
            }
        },
        "ansi-styles": {
            "version": "3.2.1",
            "resolved": "https://registry.npmjs.org/ansi-styles/-/ansi-styles-3.2.1.tgz",
            "integrity": "sha512-VT0ZI6kZRdTh8YyJw3SMbYm/u+NqfsAxEpWO0Pf9sq8/e94WxxOpPKx9FR1FlyCtOVDNOQ+8ntlqFxiRc+r5qA==",
            "dev": true,
            "requires": {
                "color-convert": "^1.9.0"
            }
        },
        "async": {
            "version": "1.5.2",
            "resolved": "https://registry.npmjs.org/async/-/async-1.5.2.tgz",
            "integrity": "sha1-7GphrlZIDAw8skHJVhjiCJL5Zyo="
        },
        "atob": {
            "version": "2.1.2",
            "resolved": "https://registry.npmjs.org/atob/-/atob-2.1.2.tgz",
            "integrity": "sha512-Wm6ukoaOGJi/73p/cl2GvLjTI5JM1k/O14isD73YML8StrH/7/lRFgmg8nICZgD3bZZvjwCGxtMOD3wWNAu8cg=="
        },
        "axios": {
            "version": "0.21.1",
            "resolved": "https://registry.npmjs.org/axios/-/axios-0.21.1.tgz",
            "integrity": "sha512-dKQiRHxGD9PPRIUNIWvZhPTPpl1rf/OxTYKsqKUDjBwYylTvV7SjSHJb9ratfyzM6wCdLCOYLzs73qpg5c4iGA==",
            "requires": {
                "follow-redirects": "^1.10.0"
            }
        },
        "bitsyntax": {
            "version": "0.1.0",
            "resolved": "https://registry.npmjs.org/bitsyntax/-/bitsyntax-0.1.0.tgz",
            "integrity": "sha512-ikAdCnrloKmFOugAfxWws89/fPc+nw0OOG1IzIE72uSOg/A3cYptKCjSUhDTuj7fhsJtzkzlv7l3b8PzRHLN0Q==",
            "requires": {
                "buffer-more-ints": "~1.0.0",
                "debug": "~2.6.9",
                "safe-buffer": "~5.1.2"
            },
            "dependencies": {
                "safe-buffer": {
                    "version": "5.1.2",
                    "resolved": "https://registry.npmjs.org/safe-buffer/-/safe-buffer-5.1.2.tgz",
                    "integrity": "sha512-Gd2UZBJDkXlY7GbJxfsE8/nvKkUEU1G38c1siN6QP6a9PT9MmHB8GnpscSmMJSoF8LOIrt8ud/wPtojys4G6+g=="
                }
            }
        },
        "bluebird": {
            "version": "3.7.2",
            "resolved": "https://registry.npmjs.org/bluebird/-/bluebird-3.7.2.tgz",
            "integrity": "sha512-XpNj6GDQzdfW+r2Wnn7xiSAd7TM3jzkxGXBGTtWKuSXv1xUV+azxAm8jdWZN06QTQk+2N2XB9jRDkvbmQmcRtg=="
        },
        "buffer-equal-constant-time": {
            "version": "1.0.1",
            "resolved": "https://registry.npmjs.org/buffer-equal-constant-time/-/buffer-equal-constant-time-1.0.1.tgz",
            "integrity": "sha1-+OcRMvf/5uAaXJaXpMbz5I1cyBk="
        },
        "buffer-more-ints": {
            "version": "1.0.0",
            "resolved": "https://registry.npmjs.org/buffer-more-ints/-/buffer-more-ints-1.0.0.tgz",
            "integrity": "sha512-EMetuGFz5SLsT0QTnXzINh4Ksr+oo4i+UGTXEshiGCQWnsgSs7ZhJ8fzlwQ+OzEMs0MpDAMr1hxnblp5a4vcHg=="
        },
        "chalk": {
            "version": "2.4.2",
            "resolved": "https://registry.npmjs.org/chalk/-/chalk-2.4.2.tgz",
            "integrity": "sha512-Mti+f9lpJNcwF4tWV8/OrTTtF1gZi+f8FqlyAdouralcFWFQWF2+NgCHShjkCb+IFBLq9buZwE1xckQU4peSuQ==",
            "dev": true,
            "requires": {
                "ansi-styles": "^3.2.1",
                "escape-string-regexp": "^1.0.5",
                "supports-color": "^5.3.0"
            }
        },
        "color-convert": {
            "version": "1.9.3",
            "resolved": "https://registry.npmjs.org/color-convert/-/color-convert-1.9.3.tgz",
            "integrity": "sha512-QfAUtd+vFdAtFQcC8CCyYt1fYWxSqAiK2cSD6zDB8N3cpsEBAvRxp9zOGg6G/SHHJYAT88/az/IuDGALsNVbGg==",
            "dev": true,
            "requires": {
                "color-name": "1.1.3"
            }
        },
        "color-name": {
            "version": "1.1.3",
            "resolved": "https://registry.npmjs.org/color-name/-/color-name-1.1.3.tgz",
            "integrity": "sha1-p9BVi9icQveV3UIyj3QIMcpTvCU=",
            "dev": true
        },
        "core-util-is": {
            "version": "1.0.2",
            "resolved": "https://registry.npmjs.org/core-util-is/-/core-util-is-1.0.2.tgz",
            "integrity": "sha1-tf1UIgqivFq1eqtxQMlAdUUDwac="
        },
        "debug": {
            "version": "2.6.9",
            "resolved": "https://registry.npmjs.org/debug/-/debug-2.6.9.tgz",
            "integrity": "sha512-bC7ElrdJaJnPbAP+1EotYvqZsb3ecl5wi6Bfi6BJTUcNowp6cvspg0jXznRTKDjm/E7AdgFBVeAPVMNcKGsHMA==",
            "requires": {
                "ms": "2.0.0"
            },
            "dependencies": {
                "ms": {
                    "version": "2.0.0",
                    "resolved": "https://registry.npmjs.org/ms/-/ms-2.0.0.tgz",
                    "integrity": "sha1-VgiurfwAvmwpAd9fmGF4jeDVl8g="
                }
            }
        },
        "dotenv": {
            "version": "8.2.0",
            "resolved": "https://registry.npmjs.org/dotenv/-/dotenv-8.2.0.tgz",
            "integrity": "sha512-8sJ78ElpbDJBHNeBzUbUVLsqKdccaa/BXF1uPTw3GrvQTBgrQrtObr2mUrE38vzYd8cEv+m/JBfDLioYcfXoaw=="
        },
        "ecdsa-sig-formatter": {
            "version": "1.0.11",
            "resolved": "https://registry.npmjs.org/ecdsa-sig-formatter/-/ecdsa-sig-formatter-1.0.11.tgz",
            "integrity": "sha512-nagl3RYrbNv6kQkeJIpt6NJZy8twLB/2vtz6yN9Z4vRKHN4/QZJIEbqohALSgwKdnksuY3k5Addp5lg8sVoVcQ==",
            "requires": {
                "safe-buffer": "^5.0.1"
            }
        },
        "escape-string-regexp": {
            "version": "1.0.5",
            "resolved": "https://registry.npmjs.org/escape-string-regexp/-/escape-string-regexp-1.0.5.tgz",
            "integrity": "sha1-G2HAViGQqN/2rjuyzwIAyhMLhtQ=",
            "dev": true
        },
        "express-jwt": {
            "version": "6.0.0",
            "resolved": "https://registry.npmjs.org/express-jwt/-/express-jwt-6.0.0.tgz",
            "integrity": "sha512-C26y9myRjx7CyhZ+BAT3p+gQyRCoDZ7qo8plCvLDaRT6je6ALIAQknT6XLVQGFKwIy/Ux7lvM2MNap5dt0T7gA==",
            "requires": {
                "async": "^1.5.0",
                "express-unless": "^0.3.0",
                "jsonwebtoken": "^8.1.0",
                "lodash.set": "^4.0.0"
            }
        },
        "express-unless": {
            "version": "0.3.1",
            "resolved": "https://registry.npmjs.org/express-unless/-/express-unless-0.3.1.tgz",
            "integrity": "sha1-JVfBRudb65A+LSR/m1ugFFJpbiA="
        },
        "follow-redirects": {
            "version": "1.13.3",
            "resolved": "https://registry.npmjs.org/follow-redirects/-/follow-redirects-1.13.3.tgz",
            "integrity": "sha512-DUgl6+HDzB0iEptNQEXLx/KhTmDb8tZUHSeLqpnjpknR70H0nC2t9N73BK6fN4hOvJ84pKlIQVQ4k5FFlBedKA=="
        },
        "has-flag": {
            "version": "3.0.0",
            "resolved": "https://registry.npmjs.org/has-flag/-/has-flag-3.0.0.tgz",
            "integrity": "sha1-tdRU3CGZriJWmfNGfloH87lVuv0=",
            "dev": true
        },
        "inherits": {
            "version": "2.0.4",
            "resolved": "https://registry.npmjs.org/inherits/-/inherits-2.0.4.tgz",
            "integrity": "sha512-k/vGaX4/Yla3WzyMCvTQOXYeIHvqOKtnqBduzTHpzpQZzAskKMhZ2K+EnBiSM9zGSoIFeMpXKxa4dYeZIQqewQ=="
        },
        "isarray": {
            "version": "0.0.1",
            "resolved": "https://registry.npmjs.org/isarray/-/isarray-0.0.1.tgz",
            "integrity": "sha1-ihis/Kmo9Bd+Cav8YDiTmwXR7t8="
        },
        "joi": {
            "version": "17.4.0",
            "resolved": "https://registry.npmjs.org/joi/-/joi-17.4.0.tgz",
            "integrity": "sha512-F4WiW2xaV6wc1jxete70Rw4V/VuMd6IN+a5ilZsxG4uYtUXWu2kq9W5P2dz30e7Gmw8RCbY/u/uk+dMPma9tAg==",
            "requires": {
                "@hapi/hoek": "^9.0.0",
                "@hapi/topo": "^5.0.0",
                "@sideway/address": "^4.1.0",
                "@sideway/formula": "^3.0.0",
                "@sideway/pinpoint": "^2.0.0"
            }
        },
        "jsonwebtoken": {
            "version": "8.5.1",
            "resolved": "https://registry.npmjs.org/jsonwebtoken/-/jsonwebtoken-8.5.1.tgz",
            "integrity": "sha512-XjwVfRS6jTMsqYs0EsuJ4LGxXV14zQybNd4L2r0UvbVnSF9Af8x7p5MzbJ90Ioz/9TI41/hTCvznF/loiSzn8w==",
            "requires": {
                "jws": "^3.2.2",
                "lodash.includes": "^4.3.0",
                "lodash.isboolean": "^3.0.3",
                "lodash.isinteger": "^4.0.4",
                "lodash.isnumber": "^3.0.3",
                "lodash.isplainobject": "^4.0.6",
                "lodash.isstring": "^4.0.1",
                "lodash.once": "^4.0.0",
                "ms": "^2.1.1",
                "semver": "^5.6.0"
            }
        },
        "jwa": {
            "version": "1.4.1",
            "resolved": "https://registry.npmjs.org/jwa/-/jwa-1.4.1.tgz",
            "integrity": "sha512-qiLX/xhEEFKUAJ6FiBMbes3w9ATzyk5W7Hvzpa/SLYdxNtng+gcurvrI7TbACjIXlsJyr05/S1oUhZrc63evQA==",
            "requires": {
                "buffer-equal-constant-time": "1.0.1",
                "ecdsa-sig-formatter": "1.0.11",
                "safe-buffer": "^5.0.1"
            }
        },
        "jws": {
            "version": "3.2.2",
            "resolved": "https://registry.npmjs.org/jws/-/jws-3.2.2.tgz",
            "integrity": "sha512-YHlZCB6lMTllWDtSPHz/ZXTsi8S00usEV6v1tjq8tOUZzw7DpSDWVXjXDre6ed1w/pd495ODpHZYSdkRTsa0HA==",
            "requires": {
                "jwa": "^1.4.1",
                "safe-buffer": "^5.0.1"
            }
        },
        "jwt-simple": {
            "version": "0.5.6",
            "resolved": "https://registry.npmjs.org/jwt-simple/-/jwt-simple-0.5.6.tgz",
            "integrity": "sha512-40aUybvhH9t2h71ncA1/1SbtTNCVZHgsTsTgqPUxGWDmUDrXyDf2wMNQKEbdBjbf4AI+fQhbECNTV6lWxQKUzg=="
        },
        "link-module-alias": {
            "version": "1.2.0",
            "resolved": "https://registry.npmjs.org/link-module-alias/-/link-module-alias-1.2.0.tgz",
            "integrity": "sha512-ahPjXepbSVKbahTB6LxR//VHm8HPfI+QQygCH+E82spBY4HR5VPJTvlhKBc9F7muVxnS6C1rRfoPOXAbWO/fyw==",
            "dev": true,
            "requires": {
                "chalk": "^2.4.1"
            }
        },
        "lodash.includes": {
            "version": "4.3.0",
            "resolved": "https://registry.npmjs.org/lodash.includes/-/lodash.includes-4.3.0.tgz",
            "integrity": "sha1-YLuYqHy5I8aMoeUTJUgzFISfVT8="
        },
        "lodash.isboolean": {
            "version": "3.0.3",
            "resolved": "https://registry.npmjs.org/lodash.isboolean/-/lodash.isboolean-3.0.3.tgz",
            "integrity": "sha1-bC4XHbKiV82WgC/UOwGyDV9YcPY="
        },
        "lodash.isinteger": {
            "version": "4.0.4",
            "resolved": "https://registry.npmjs.org/lodash.isinteger/-/lodash.isinteger-4.0.4.tgz",
            "integrity": "sha1-YZwK89A/iwTDH1iChAt3sRzWg0M="
        },
        "lodash.isnumber": {
            "version": "3.0.3",
            "resolved": "https://registry.npmjs.org/lodash.isnumber/-/lodash.isnumber-3.0.3.tgz",
            "integrity": "sha1-POdoEMWSjQM1IwGsKHMX8RwLH/w="
        },
        "lodash.isplainobject": {
            "version": "4.0.6",
            "resolved": "https://registry.npmjs.org/lodash.isplainobject/-/lodash.isplainobject-4.0.6.tgz",
            "integrity": "sha1-fFJqUtibRcRcxpC4gWO+BJf1UMs="
        },
        "lodash.isstring": {
            "version": "4.0.1",
            "resolved": "https://registry.npmjs.org/lodash.isstring/-/lodash.isstring-4.0.1.tgz",
            "integrity": "sha1-1SfftUVuynzJu5XV2ur4i6VKVFE="
        },
        "lodash.once": {
            "version": "4.1.1",
            "resolved": "https://registry.npmjs.org/lodash.once/-/lodash.once-4.1.1.tgz",
            "integrity": "sha1-DdOXEhPHxW34gJd9UEyI+0cal6w="
        },
        "lodash.set": {
            "version": "4.3.2",
            "resolved": "https://registry.npmjs.org/lodash.set/-/lodash.set-4.3.2.tgz",
            "integrity": "sha1-2HV7HagH3eJIFrDWqEvqGnYjCyM="
        },
        "ms": {
            "version": "2.1.3",
            "resolved": "https://registry.npmjs.org/ms/-/ms-2.1.3.tgz",
            "integrity": "sha512-6FlzubTLZG3J2a/NVCAleEhjzq5oxgHyaCU9yYXvcLsvoVaHJq/s5xXI6/XXP6tz7R9xAOtHnSO/tXtF3WRTlA=="
        },
        "querystringify": {
            "version": "2.2.0",
            "resolved": "https://registry.npmjs.org/querystringify/-/querystringify-2.2.0.tgz",
            "integrity": "sha512-FIqgj2EUvTa7R50u0rGsyTftzjYmv/a3hO345bZNrqabNqjtgiDMgmo4mkUjd+nzU5oF3dClKqFIPUKybUyqoQ=="
        },
        "readable-stream": {
            "version": "1.1.14",
            "resolved": "https://registry.npmjs.org/readable-stream/-/readable-stream-1.1.14.tgz",
            "integrity": "sha1-fPTFTvZI44EwhMY23SB54WbAgdk=",
            "requires": {
                "core-util-is": "~1.0.0",
                "inherits": "~2.0.1",
                "isarray": "0.0.1",
                "string_decoder": "~0.10.x"
            }
        },
        "requires-port": {
            "version": "1.0.0",
            "resolved": "https://registry.npmjs.org/requires-port/-/requires-port-1.0.0.tgz",
            "integrity": "sha1-kl0mAdOaxIXgkc8NpcbmlNw9yv8="
        },
        "safe-buffer": {
            "version": "5.2.1",
            "resolved": "https://registry.npmjs.org/safe-buffer/-/safe-buffer-5.2.1.tgz",
            "integrity": "sha512-rp3So07KcdmmKbGvgaNxQSJr7bGVSVk5S9Eq1F+ppbRo70+YeaDxkw5Dd8NPN+GD6bjnYm2VuPuCXmpuYvmCXQ=="
        },
        "semver": {
            "version": "5.7.1",
            "resolved": "https://registry.npmjs.org/semver/-/semver-5.7.1.tgz",
            "integrity": "sha512-sauaDf/PZdVgrLTNYHRtpXa1iRiKcaebiKQ1BJdpQlWH2lCvexQdX55snPFyK7QzpudqbCI0qXFfOasHdyNDGQ=="
        },
        "string_decoder": {
            "version": "0.10.31",
            "resolved": "https://registry.npmjs.org/string_decoder/-/string_decoder-0.10.31.tgz",
            "integrity": "sha1-YuIDvEF2bGwoyfyEMB2rHFMQ+pQ="
        },
        "supports-color": {
            "version": "5.5.0",
            "resolved": "https://registry.npmjs.org/supports-color/-/supports-color-5.5.0.tgz",
            "integrity": "sha512-QjVjwdXIt408MIiAqCX4oUKsgU2EqAGzs2Ppkm4aQYbjm+ZEWEcW4SfFNTr4uMNZma0ey4f5lgLrkB0aX0QMow==",
            "dev": true,
            "requires": {
                "has-flag": "^3.0.0"
            }
        },
        "url-parse": {
            "version": "1.5.1",
            "resolved": "https://registry.npmjs.org/url-parse/-/url-parse-1.5.1.tgz",
            "integrity": "sha512-HOfCOUJt7iSYzEx/UqgtwKRMC6EU91NFhsCHMv9oM03VJcVo2Qrp8T8kI9D7amFf1cu+/3CEhgb3rF9zL7k85Q==",
            "requires": {
                "querystringify": "^2.1.1",
                "requires-port": "^1.0.0"
            }
        }
    }
}
